
Microsoft Visual Studio Solution File, Format Version 12.00
# Visual Studio Version 17
VisualStudioVersion = 17.6.33801.468
MinimumVisualStudioVersion = 10.0.40219.1
Project("{FAE04EC0-301F-11D3-BF4B-00C04F79EFBC}") = "ComProt_Proto", "ComProt_Proto.csproj", "{2CF91251-5008-41F0-BC07-F87CB55F0495}"
EndProject
Global
	GlobalSection(SolutionConfigurationPlatforms) = preSolution
		Debug|Any CPU = Debug|Any CPU
		Release|Any CPU = Release|Any CPU
	EndGlobalSection
	GlobalSection(ProjectConfigurationPlatforms) = postSolution
		{2CF91251-5008-41F0-BC07-F87CB55F0495}.Debug|Any CPU.ActiveCfg = Debug|Any CPU
		{2CF91251-5008-41F0-BC07-F87CB55F0495}.Debug|Any CPU.Build.0 = Debug|Any CPU
		{2CF91251-5008-41F0-BC07-F87CB55F0495}.Release|Any CPU.ActiveCfg = Release|Any CPU
		{2CF91251-5008-41F0-BC07-F87CB55F0495}.Release|Any CPU.Build.0 = Release|Any CPU
	EndGlobalSection
	GlobalSection(SolutionProperties) = preSolution
		HideSolutionNode = FALSE
	EndGlobalSection
	GlobalSection(ExtensibilityGlobals) = postSolution
		SolutionGuid = {92002E12-4E1A-4333-A6D3-237B583E95EB}
	EndGlobalSection
EndGlobal
